
Microsoft Visual Studio Solution File, Format Version 12.00
# Visual Studio Version 17
VisualStudioVersion = 17.13.35919.96 d17.13
MinimumVisualStudioVersion = 10.0.40219.1
Project("{FAE04EC0-301F-11D3-BF4B-00C04F79EFBC}") = "Challenge Lab-5.1", "Challenge Lab-5.1.csproj", "{C3C88860-8321-48C1-AB9F-E7E33892249E}"
EndProject
Global
	GlobalSection(SolutionConfigurationPlatforms) = preSolution
		Debug|Any CPU = Debug|Any CPU
		Release|Any CPU = Release|Any CPU
	EndGlobalSection
	GlobalSection(ProjectConfigurationPlatforms) = postSolution
		{C3C88860-8321-48C1-AB9F-E7E33892249E}.Debug|Any CPU.ActiveCfg = Debug|Any CPU
		{C3C88860-8321-48C1-AB9F-E7E33892249E}.Debug|Any CPU.Build.0 = Debug|Any CPU
		{C3C88860-8321-48C1-AB9F-E7E33892249E}.Release|Any CPU.ActiveCfg = Release|Any CPU
		{C3C88860-8321-48C1-AB9F-E7E33892249E}.Release|Any CPU.Build.0 = Release|Any CPU
	EndGlobalSection
	GlobalSection(SolutionProperties) = preSolution
		HideSolutionNode = FALSE
	EndGlobalSection
	GlobalSection(ExtensibilityGlobals) = postSolution
		SolutionGuid = {564E1ECE-3CC1-4A9F-AA09-596C35B8B770}
	EndGlobalSection
EndGlobal
